
Microsoft Visual Studio Solution File, Format Version 12.00
# Visual Studio Version 17
VisualStudioVersion = 17.0.32014.148
MinimumVisualStudioVersion = 10.0.40219.1
Project("{FAE04EC0-301F-11D3-BF4B-00C04F79EFBC}") = "single-linked-list", "single-linked-list\single-linked-list.csproj", "{05BE0327-D17F-4015-AE9E-EB74EC85512E}"
EndProject
Project("{FAE04EC0-301F-11D3-BF4B-00C04F79EFBC}") = "detect-loop", "detect-loop\detect-loop.csproj", "{2A186079-786D-437F-943B-9A974A3AB3A3}"
EndProject
Global
	GlobalSection(SolutionConfigurationPlatforms) = preSolution
		Debug|Any CPU = Debug|Any CPU
		Release|Any CPU = Release|Any CPU
	EndGlobalSection
	GlobalSection(ProjectConfigurationPlatforms) = postSolution
		{05BE0327-D17F-4015-AE9E-EB74EC85512E}.Debug|Any CPU.ActiveCfg = Debug|Any CPU
		{05BE0327-D17F-4015-AE9E-EB74EC85512E}.Debug|Any CPU.Build.0 = Debug|Any CPU
		{05BE0327-D17F-4015-AE9E-EB74EC85512E}.Release|Any CPU.ActiveCfg = Release|Any CPU
		{05BE0327-D17F-4015-AE9E-EB74EC85512E}.Release|Any CPU.Build.0 = Release|Any CPU
		{2A186079-786D-437F-943B-9A974A3AB3A3}.Debug|Any CPU.ActiveCfg = Debug|Any CPU
		{2A186079-786D-437F-943B-9A974A3AB3A3}.Debug|Any CPU.Build.0 = Debug|Any CPU
		{2A186079-786D-437F-943B-9A974A3AB3A3}.Release|Any CPU.ActiveCfg = Release|Any CPU
		{2A186079-786D-437F-943B-9A974A3AB3A3}.Release|Any CPU.Build.0 = Release|Any CPU
	EndGlobalSection
	GlobalSection(SolutionProperties) = preSolution
		HideSolutionNode = FALSE
	EndGlobalSection
	GlobalSection(ExtensibilityGlobals) = postSolution
		SolutionGuid = {F7DB480C-634B-4784-B2D7-4F6FD11D4A68}
	EndGlobalSection
EndGlobal
